
Microsoft Visual Studio Solution File, Format Version 12.00
# Visual Studio Version 16
VisualStudioVersion = 16.0.29920.165
MinimumVisualStudioVersion = 10.0.40219.1
Project("{FAE04EC0-301F-11D3-BF4B-00C04F79EFBC}") = "PasswordEntry", "Test.Desktop\PasswordEntry.csproj", "{B2B71501-518E-4D2D-99EB-6345BC4E69F5}"
EndProject
Global
	GlobalSection(SolutionConfigurationPlatforms) = preSolution
		Debug|Any CPU = Debug|Any CPU
		Release|Any CPU = Release|Any CPU
	EndGlobalSection
	GlobalSection(ProjectConfigurationPlatforms) = postSolution
		{B2B71501-518E-4D2D-99EB-6345BC4E69F5}.Debug|Any CPU.ActiveCfg = Debug|Any CPU
		{B2B71501-518E-4D2D-99EB-6345BC4E69F5}.Debug|Any CPU.Build.0 = Debug|Any CPU
		{B2B71501-518E-4D2D-99EB-6345BC4E69F5}.Release|Any CPU.ActiveCfg = Release|Any CPU
		{B2B71501-518E-4D2D-99EB-6345BC4E69F5}.Release|Any CPU.Build.0 = Release|Any CPU
	EndGlobalSection
	GlobalSection(SolutionProperties) = preSolution
		HideSolutionNode = FALSE
	EndGlobalSection
	GlobalSection(ExtensibilityGlobals) = postSolution
		SolutionGuid = {FCDA7740-9F8A-4CD8-B823-957055012A0C}
	EndGlobalSection
EndGlobal
